{
    "_meta": {
        "hash": {
            "sha256": "18076bf894498c4460a1c8556dd3c2d5263d36652f0fa362dad2b2a06b4ea8b2"
        },
        "pipfile-spec": 6,
        "requires": {
            "python_full_version": "3.10.4",
            "python_version": "3.10"
        },
        "sources": [
            {
                "name": "pypi",
                "url": "https://pypi.org/simple",
                "verify_ssl": true
            }
        ]
    },
    "default": {
        "prompt-toolkit": {
            "hashes": [
                "sha256:99ba3dfb23d5b5af89712f89e60a5f3d9b8b67a9482ca377c5771d0e9047a34b",
                "sha256:a371c06bb1d66cd499fecd708e50c0b6ae00acba9822ba33c586e2f16d1b739e"
            ],
            "index": "pypi",
            "markers": "python_full_version >= '3.7.0'",
            "version": "==3.0.40"
        },
        "wcwidth": {
            "hashes": [
                "sha256:9a929bd8380f6cd9571a968a9c8f4353ca58d7cd812a4822bba831f8d685b223",
                "sha256:a675d1a4a2d24ef67096a04b85b02deeecd8e226f57b5e3a72dbb9ed99d27da8"
            ],
            "index": "pypi",
            "version": "==0.2.9"
        }
    },
    "develop": {}
}
